
Microsoft Visual Studio Solution File, Format Version 12.00
# Visual Studio Version 17
VisualStudioVersion = 17.5.33414.496
MinimumVisualStudioVersion = 10.0.40219.1
Project("{6EC3EE1D-3C4E-46DD-8F32-0CC8E7565705}") = "AnnalynsInfiltration", "AnnalynsInfiltration.fsproj", "{F7BBE918-D998-4ACA-820B-1E79C513FD2E}"
EndProject
Global
	GlobalSection(SolutionConfigurationPlatforms) = preSolution
		Debug|Any CPU = Debug|Any CPU
		Release|Any CPU = Release|Any CPU
	EndGlobalSection
	GlobalSection(ProjectConfigurationPlatforms) = postSolution
		{F7BBE918-D998-4ACA-820B-1E79C513FD2E}.Debug|Any CPU.ActiveCfg = Debug|Any CPU
		{F7BBE918-D998-4ACA-820B-1E79C513FD2E}.Debug|Any CPU.Build.0 = Debug|Any CPU
		{F7BBE918-D998-4ACA-820B-1E79C513FD2E}.Release|Any CPU.ActiveCfg = Release|Any CPU
		{F7BBE918-D998-4ACA-820B-1E79C513FD2E}.Release|Any CPU.Build.0 = Release|Any CPU
	EndGlobalSection
	GlobalSection(SolutionProperties) = preSolution
		HideSolutionNode = FALSE
	EndGlobalSection
	GlobalSection(ExtensibilityGlobals) = postSolution
		SolutionGuid = {992F041B-BC4F-49FA-9404-C9B19766DCB7}
	EndGlobalSection
EndGlobal
