
Microsoft Visual Studio Solution File, Format Version 12.00
# Visual Studio Version 17
VisualStudioVersion = 17.5.33414.496
MinimumVisualStudioVersion = 10.0.40219.1
Project("{6EC3EE1D-3C4E-46DD-8F32-0CC8E7565705}") = "Bandwagoner", "Bandwagoner.fsproj", "{DB688A66-6951-4A66-B2F6-3FD20EC2E2A6}"
EndProject
Global
	GlobalSection(SolutionConfigurationPlatforms) = preSolution
		Debug|Any CPU = Debug|Any CPU
		Release|Any CPU = Release|Any CPU
	EndGlobalSection
	GlobalSection(ProjectConfigurationPlatforms) = postSolution
		{DB688A66-6951-4A66-B2F6-3FD20EC2E2A6}.Debug|Any CPU.ActiveCfg = Debug|Any CPU
		{DB688A66-6951-4A66-B2F6-3FD20EC2E2A6}.Debug|Any CPU.Build.0 = Debug|Any CPU
		{DB688A66-6951-4A66-B2F6-3FD20EC2E2A6}.Release|Any CPU.ActiveCfg = Release|Any CPU
		{DB688A66-6951-4A66-B2F6-3FD20EC2E2A6}.Release|Any CPU.Build.0 = Release|Any CPU
	EndGlobalSection
	GlobalSection(SolutionProperties) = preSolution
		HideSolutionNode = FALSE
	EndGlobalSection
	GlobalSection(ExtensibilityGlobals) = postSolution
		SolutionGuid = {56B50894-6398-449A-BBD4-48BC434079FA}
	EndGlobalSection
EndGlobal
