<Solution>
  <Project Path="accumulate/Accumulate.fsproj" />
  <Project Path="allergies/Allergies.fsproj" />
  <Project Path="annalyns-infiltration/AnnalynsInfiltration.fsproj" />
  <Project Path="bandwagoner/Bandwagoner.fsproj" />
  <Project Path="bird-watcher/BirdWatcher.fsproj" />
  <Project Path="bob/Bob.fsproj" />
  <Project Path="booking-up-for-beauty/BookingUpForBeauty.fsproj" />
  <Project Path="cars-assemble/CarsAssemble.fsproj" />
  <Project Path="clock/Clock.fsproj" />
  <Project Path="grade-school/GradeSchool.fsproj" />
  <Project Path="guessing-game/GuessingGame.fsproj" />
  <Project Path="hamming/Hamming.fsproj" />
  <Project Path="hello-world/HelloWorld.fsproj" />
  <Project Path="improved-password-checker/ImprovedPasswordChecker.fsproj" />
  <Project Path="interest-is-interesting/InterestIsInteresting.fsproj" />
  <Project Path="isogram/Isogram.fsproj" />
  <Project Path="kindergarten-garden/KindergartenGarden.fsproj" />
  <Project Path="leap/Leap.fsproj" />
  <Project Path="line-up/LineUp.fsproj" />
  <Project Path="log-levels/LogLevels.fsproj" />
  <Project Path="lucians-luscious-lasagna/LuciansLusciousLasagna.fsproj" />
  <Project Path="ocr-numbers/OcrNumbers.fsproj" />
  <Project Path="pangram/Pangram.fsproj" />
  <Project Path="password-checker/PasswordChecker.fsproj" />
  <Project Path="pig-latin/PigLatin.fsproj" />
  <Project Path="pizza-pricing/PizzaPricing.fsproj" />
  <Project Path="queen-attack/QueenAttack.fsproj" />
  <Project Path="raindrops/Raindrops.fsproj" />
  <Project Path="robot-simulator/RobotSimulator.fsproj" />
  <Project Path="role-playing-game/RolePlayingGame.fsproj" />
  <Project Path="space-age/SpaceAge.fsproj" />
  <Project Path="squeaky-clean/SqueakyClean.fsproj" />
  <Project Path="tisbury-treasure-hunt/TisburyTreasureHunt.fsproj" />
  <Project Path="tracks-on-tracks-on-tracks/TracksOnTracksOnTracks.fsproj" />
  <Project Path="twelve-days/TwelveDays.fsproj" />
  <Project Path="two-fer/TwoFer.fsproj" />
  <Project Path="valentines-day/ValentinesDay.fsproj" />
</Solution>
